
Microsoft Visual Studio Solution File, Format Version 12.00
# Visual Studio Version 17
VisualStudioVersion = 17.0.32014.148
MinimumVisualStudioVersion = 10.0.40219.1
Project("{FAE04EC0-301F-11D3-BF4B-00C04F79EFBC}") = "Distributeur_De_Boisson_Chaude", "Distributeur_De_Boisson_Chaude.csproj", "{FE7AC764-0D71-4F75-AC97-E7C1B6E2ACA1}"
EndProject
Global
	GlobalSection(SolutionConfigurationPlatforms) = preSolution
		Debug|Any CPU = Debug|Any CPU
		Release|Any CPU = Release|Any CPU
	EndGlobalSection
	GlobalSection(ProjectConfigurationPlatforms) = postSolution
		{FE7AC764-0D71-4F75-AC97-E7C1B6E2ACA1}.Debug|Any CPU.ActiveCfg = Debug|Any CPU
		{FE7AC764-0D71-4F75-AC97-E7C1B6E2ACA1}.Debug|Any CPU.Build.0 = Debug|Any CPU
		{FE7AC764-0D71-4F75-AC97-E7C1B6E2ACA1}.Release|Any CPU.ActiveCfg = Release|Any CPU
		{FE7AC764-0D71-4F75-AC97-E7C1B6E2ACA1}.Release|Any CPU.Build.0 = Release|Any CPU
	EndGlobalSection
	GlobalSection(SolutionProperties) = preSolution
		HideSolutionNode = FALSE
	EndGlobalSection
	GlobalSection(ExtensibilityGlobals) = postSolution
		SolutionGuid = {A710CDF4-DDAF-4046-B9C7-EDD23CF6746D}
	EndGlobalSection
EndGlobal
